
Microsoft Visual Studio Solution File, Format Version 12.00
# Visual Studio Version 16
VisualStudioVersion = 16.0.28803.352
MinimumVisualStudioVersion = 10.0.40219.1
Project("{FAE04EC0-301F-11D3-BF4B-00C04F79EFBC}") = "HospitalApp", "HospitalApp\HospitalApp.csproj", "{AFBD2061-86AF-4614-A74C-EC331AD13408}"
EndProject
Global
	GlobalSection(SolutionConfigurationPlatforms) = preSolution
		Debug|Any CPU = Debug|Any CPU
		Release|Any CPU = Release|Any CPU
	EndGlobalSection
	GlobalSection(ProjectConfigurationPlatforms) = postSolution
		{AFBD2061-86AF-4614-A74C-EC331AD13408}.Debug|Any CPU.ActiveCfg = Debug|Any CPU
		{AFBD2061-86AF-4614-A74C-EC331AD13408}.Debug|Any CPU.Build.0 = Debug|Any CPU
		{AFBD2061-86AF-4614-A74C-EC331AD13408}.Release|Any CPU.ActiveCfg = Release|Any CPU
		{AFBD2061-86AF-4614-A74C-EC331AD13408}.Release|Any CPU.Build.0 = Release|Any CPU
	EndGlobalSection
	GlobalSection(SolutionProperties) = preSolution
		HideSolutionNode = FALSE
	EndGlobalSection
	GlobalSection(ExtensibilityGlobals) = postSolution
		SolutionGuid = {2407E2EC-440C-4CE0-BEE3-07C879230A75}
	EndGlobalSection
EndGlobal
